{
    "version": 3,
    "terraform_version": "0.8.1",
    "serial": 28,
    "lineage": "d9d43c52-c673-4479-a9a0-499300408636",
    "modules": [
        {
            "path": [
                "root"
            ],
            "outputs": {
                "Private IP": {
                    "sensitive": false,
                    "type": "string",
                    "value": "10.0.0.111,10.0.3.97,10.0.1.31,10.0.2.153"
                },
                "Public IP": {
                    "sensitive": false,
                    "type": "string",
                    "value": "54.85.45.8,54.210.87.3,54.86.167.161,52.90.223.152"
                }
            },
            "resources": {
                "aws_instance.docker-swarm.0": {
                    "type": "aws_instance",
                    "depends_on": [],
                    "primary": {
                        "id": "i-0fe0583dcdfe7c69e",
                        "attributes": {
                            "ami": "ami-6edd3078",
                            "associate_public_ip_address": "true",
                            "availability_zone": "us-east-1a",
                            "disable_api_termination": "false",
                            "ebs_block_device.#": "0",
                            "ebs_optimized": "false",
                            "ephemeral_block_device.#": "0",
                            "iam_instance_profile": "",
                            "id": "i-0fe0583dcdfe7c69e",
                            "instance_state": "running",
                            "instance_type": "t2.micro",
                            "key_name": "docker-swarm",
                            "monitoring": "false",
                            "network_interface_id": "eni-6e3500aa",
                            "private_dns": "ip-10-0-0-111.ec2.internal",
                            "private_ip": "10.0.0.111",
                            "public_dns": "ec2-54-85-45-8.compute-1.amazonaws.com",
                            "public_ip": "54.85.45.8",
                            "root_block_device.#": "1",
                            "root_block_device.0.delete_on_termination": "true",
                            "root_block_device.0.iops": "0",
                            "root_block_device.0.volume_size": "50",
                            "root_block_device.0.volume_type": "standard",
                            "security_groups.#": "0",
                            "source_dest_check": "true",
                            "subnet_id": "subnet-bda4e7e6",
                            "tags.%": "0",
                            "tenancy": "default",
                            "vpc_security_group_ids.#": "1",
                            "vpc_security_group_ids.1939318774": "sg-fd653a81"
                        },
                        "meta": {
                            "schema_version": "1"
                        },
                        "tainted": false
                    },
                    "deposed": [],
                    "provider": ""
                },
                "aws_instance.docker-swarm.1": {
                    "type": "aws_instance",
                    "depends_on": [],
                    "primary": {
                        "id": "i-064e0f749ebd9b2de",
                        "attributes": {
                            "ami": "ami-6edd3078",
                            "associate_public_ip_address": "true",
                            "availability_zone": "us-east-1e",
                            "disable_api_termination": "false",
                            "ebs_block_device.#": "0",
                            "ebs_optimized": "false",
                            "ephemeral_block_device.#": "0",
                            "iam_instance_profile": "",
                            "id": "i-064e0f749ebd9b2de",
                            "instance_state": "running",
                            "instance_type": "t2.micro",
                            "key_name": "docker-swarm",
                            "monitoring": "false",
                            "network_interface_id": "eni-e2c73409",
                            "private_dns": "ip-10-0-3-97.ec2.internal",
                            "private_ip": "10.0.3.97",
                            "public_dns": "ec2-54-210-87-3.compute-1.amazonaws.com",
                            "public_ip": "54.210.87.3",
                            "root_block_device.#": "1",
                            "root_block_device.0.delete_on_termination": "true",
                            "root_block_device.0.iops": "0",
                            "root_block_device.0.volume_size": "50",
                            "root_block_device.0.volume_type": "standard",
                            "security_groups.#": "0",
                            "source_dest_check": "true",
                            "subnet_id": "subnet-ce7cf5f2",
                            "tags.%": "0",
                            "tenancy": "default",
                            "vpc_security_group_ids.#": "1",
                            "vpc_security_group_ids.1939318774": "sg-fd653a81"
                        },
                        "meta": {
                            "schema_version": "1"
                        },
                        "tainted": false
                    },
                    "deposed": [],
                    "provider": ""
                },
                "aws_instance.docker-swarm.2": {
                    "type": "aws_instance",
                    "depends_on": [],
                    "primary": {
                        "id": "i-0b0dfddb248a9ca83",
                        "attributes": {
                            "ami": "ami-6edd3078",
                            "associate_public_ip_address": "true",
                            "availability_zone": "us-east-1c",
                            "disable_api_termination": "false",
                            "ebs_block_device.#": "0",
                            "ebs_optimized": "false",
                            "ephemeral_block_device.#": "0",
                            "iam_instance_profile": "",
                            "id": "i-0b0dfddb248a9ca83",
                            "instance_state": "running",
                            "instance_type": "t2.micro",
                            "key_name": "docker-swarm",
                            "monitoring": "false",
                            "network_interface_id": "eni-107b22e2",
                            "private_dns": "ip-10-0-1-31.ec2.internal",
                            "private_ip": "10.0.1.31",
                            "public_dns": "ec2-54-86-167-161.compute-1.amazonaws.com",
                            "public_ip": "54.86.167.161",
                            "root_block_device.#": "1",
                            "root_block_device.0.delete_on_termination": "true",
                            "root_block_device.0.iops": "0",
                            "root_block_device.0.volume_size": "50",
                            "root_block_device.0.volume_type": "standard",
                            "security_groups.#": "0",
                            "source_dest_check": "true",
                            "subnet_id": "subnet-ae085c83",
                            "tags.%": "0",
                            "tenancy": "default",
                            "vpc_security_group_ids.#": "1",
                            "vpc_security_group_ids.1939318774": "sg-fd653a81"
                        },
                        "meta": {
                            "schema_version": "1"
                        },
                        "tainted": false
                    },
                    "deposed": [],
                    "provider": ""
                },
                "aws_instance.docker-swarm.3": {
                    "type": "aws_instance",
                    "depends_on": [],
                    "primary": {
                        "id": "i-0f362f55e5f3290c3",
                        "attributes": {
                            "ami": "ami-6edd3078",
                            "associate_public_ip_address": "true",
                            "availability_zone": "us-east-1d",
                            "disable_api_termination": "false",
                            "ebs_block_device.#": "0",
                            "ebs_optimized": "false",
                            "ephemeral_block_device.#": "0",
                            "iam_instance_profile": "",
                            "id": "i-0f362f55e5f3290c3",
                            "instance_state": "running",
                            "instance_type": "t2.micro",
                            "key_name": "docker-swarm",
                            "monitoring": "false",
                            "network_interface_id": "eni-f67b2c16",
                            "private_dns": "ip-10-0-2-153.ec2.internal",
                            "private_ip": "10.0.2.153",
                            "public_dns": "ec2-52-90-223-152.compute-1.amazonaws.com",
                            "public_ip": "52.90.223.152",
                            "root_block_device.#": "1",
                            "root_block_device.0.delete_on_termination": "true",
                            "root_block_device.0.iops": "0",
                            "root_block_device.0.volume_size": "50",
                            "root_block_device.0.volume_type": "standard",
                            "security_groups.#": "0",
                            "source_dest_check": "true",
                            "subnet_id": "subnet-2264616b",
                            "tags.%": "0",
                            "tenancy": "default",
                            "vpc_security_group_ids.#": "1",
                            "vpc_security_group_ids.1939318774": "sg-fd653a81"
                        },
                        "meta": {
                            "schema_version": "1"
                        },
                        "tainted": false
                    },
                    "deposed": [],
                    "provider": ""
                }
            },
            "depends_on": []
        }
    ]
}
